
Microsoft Visual Studio Solution File, Format Version 12.00
# Visual Studio Version 16
VisualStudioVersion = 16.0.30611.23
MinimumVisualStudioVersion = 10.0.40219.1
Project("{FAE04EC0-301F-11D3-BF4B-00C04F79EFBC}") = "api", "api.csproj", "{9F2BC778-FCE3-4242-A736-7CAF28E0760E}"
EndProject
Global
	GlobalSection(SolutionConfigurationPlatforms) = preSolution
		Debug|Any CPU = Debug|Any CPU
		Release|Any CPU = Release|Any CPU
	EndGlobalSection
	GlobalSection(ProjectConfigurationPlatforms) = postSolution
		{9F2BC778-FCE3-4242-A736-7CAF28E0760E}.Debug|Any CPU.ActiveCfg = Debug|Any CPU
		{9F2BC778-FCE3-4242-A736-7CAF28E0760E}.Debug|Any CPU.Build.0 = Debug|Any CPU
		{9F2BC778-FCE3-4242-A736-7CAF28E0760E}.Release|Any CPU.ActiveCfg = Release|Any CPU
		{9F2BC778-FCE3-4242-A736-7CAF28E0760E}.Release|Any CPU.Build.0 = Release|Any CPU
	EndGlobalSection
	GlobalSection(SolutionProperties) = preSolution
		HideSolutionNode = FALSE
	EndGlobalSection
	GlobalSection(ExtensibilityGlobals) = postSolution
		SolutionGuid = {FB6FDA66-AB39-4E05-977E-4553CEA6D47F}
	EndGlobalSection
EndGlobal
